// !$*UTF8*$!
{
	archiveVersion = 1;
	classes = {
	};
	objectVersion = 55;
	objects = {

/* Begin PBXBuildFile section */
		AC25E78E27E48455003AF1EE /* AnimationsContainerView.swift in Sources */ = {isa = PBXBuildFile; fileRef = AC25E78D27E48455003AF1EE /* AnimationsContainerView.swift */; };
		AC25E79027E484A1003AF1EE /* AnimationExample.swift in Sources */ = {isa = PBXBuildFile; fileRef = AC25E78F27E484A1003AF1EE /* AnimationExample.swift */; };
		AC25E79227E499F3003AF1EE /* AnimationsExampleViewModel.swift in Sources */ = {isa = PBXBuildFile; fileRef = AC25E79127E499F3003AF1EE /* AnimationsExampleViewModel.swift */; };
		AC25E79427E49ADD003AF1EE /* AllAnimations.swift in Sources */ = {isa = PBXBuildFile; fileRef = AC25E79327E49ADD003AF1EE /* AllAnimations.swift */; };
		AC25E79827E4A44A003AF1EE /* ParameterDescriptionView.swift in Sources */ = {isa = PBXBuildFile; fileRef = AC25E79727E4A44A003AF1EE /* ParameterDescriptionView.swift */; };
		AC25E79A27E4B9E4003AF1EE /* ChainsView.swift in Sources */ = {isa = PBXBuildFile; fileRef = AC25E79927E4B9E4003AF1EE /* ChainsView.swift */; };
		AC25E79C27E4BD1C003AF1EE /* EmojisView.swift in Sources */ = {isa = PBXBuildFile; fileRef = AC25E79B27E4BD1C003AF1EE /* EmojisView.swift */; };
		AC2E6AD427D6756900AEE63E /* MacOSExperimentsApp.swift in Sources */ = {isa = PBXBuildFile; fileRef = AC2E6AD327D6756900AEE63E /* MacOSExperimentsApp.swift */; };
		AC2E6AD627D6756900AEE63E /* ContentView.swift in Sources */ = {isa = PBXBuildFile; fileRef = AC2E6AD527D6756900AEE63E /* ContentView.swift */; };
		AC2E6AD827D6756A00AEE63E /* Assets.xcassets in Resources */ = {isa = PBXBuildFile; fileRef = AC2E6AD727D6756A00AEE63E /* Assets.xcassets */; };
		AC2E6ADB27D6756A00AEE63E /* Preview Assets.xcassets in Resources */ = {isa = PBXBuildFile; fileRef = AC2E6ADA27D6756A00AEE63E /* Preview Assets.xcassets */; };
		AC2E6AE327D6791C00AEE63E /* SidebarView.swift in Sources */ = {isa = PBXBuildFile; fileRef = AC2E6AE227D6791C00AEE63E /* SidebarView.swift */; };
		AC43367927E886F900F57ABD /* GradientCircleView.swift in Sources */ = {isa = PBXBuildFile; fileRef = AC43367827E886F900F57ABD /* GradientCircleView.swift */; };
		AC43367B27E88C1900F57ABD /* TimingCurveView.swift in Sources */ = {isa = PBXBuildFile; fileRef = AC43367A27E88C1900F57ABD /* TimingCurveView.swift */; };
		AC43367D27E88C2700F57ABD /* TimingCurve.swift in Sources */ = {isa = PBXBuildFile; fileRef = AC43367C27E88C2700F57ABD /* TimingCurve.swift */; };
		AC43368127E8A94D00F57ABD /* HeadlineView.swift in Sources */ = {isa = PBXBuildFile; fileRef = AC43368027E8A94D00F57ABD /* HeadlineView.swift */; };
		AC43368327E8AA9600F57ABD /* TimingCurveControlView.swift in Sources */ = {isa = PBXBuildFile; fileRef = AC43368227E8AA9600F57ABD /* TimingCurveControlView.swift */; };
		AC43368D27EC804E00F57ABD /* ClosedRange+toString.swift in Sources */ = {isa = PBXBuildFile; fileRef = AC43368C27EC804E00F57ABD /* ClosedRange+toString.swift */; };
		AC43368F27ECA7D200F57ABD /* CodePreviewView.swift in Sources */ = {isa = PBXBuildFile; fileRef = AC43368E27ECA7D200F57ABD /* CodePreviewView.swift */; };
		AC43369127ECA9CD00F57ABD /* PreviewType.swift in Sources */ = {isa = PBXBuildFile; fileRef = AC43369027ECA9CD00F57ABD /* PreviewType.swift */; };
		AC43369527ECC97B00F57ABD /* AnimationOption.swift in Sources */ = {isa = PBXBuildFile; fileRef = AC43369427ECC97B00F57ABD /* AnimationOption.swift */; };
		AC43369727ECF87600F57ABD /* CustomModifiers.swift in Sources */ = {isa = PBXBuildFile; fileRef = AC43369627ECF87600F57ABD /* CustomModifiers.swift */; };
		AC55658127E2264100279DC7 /* Spring.swift in Sources */ = {isa = PBXBuildFile; fileRef = AC55658027E2264100279DC7 /* Spring.swift */; };
		AC55658327E2275500279DC7 /* SpringControlView.swift in Sources */ = {isa = PBXBuildFile; fileRef = AC55658227E2275500279DC7 /* SpringControlView.swift */; };
		AC55658527E2327500279DC7 /* AnimationParameter.swift in Sources */ = {isa = PBXBuildFile; fileRef = AC55658427E2327500279DC7 /* AnimationParameter.swift */; };
		AC55658727E2341A00279DC7 /* Linear.swift in Sources */ = {isa = PBXBuildFile; fileRef = AC55658627E2341A00279DC7 /* Linear.swift */; };
		AC55658927E2343700279DC7 /* EaseIn.swift in Sources */ = {isa = PBXBuildFile; fileRef = AC55658827E2343700279DC7 /* EaseIn.swift */; };
		AC55658B27E2344D00279DC7 /* EaseOut.swift in Sources */ = {isa = PBXBuildFile; fileRef = AC55658A27E2344D00279DC7 /* EaseOut.swift */; };
		AC55658D27E2346300279DC7 /* EaseInOut.swift in Sources */ = {isa = PBXBuildFile; fileRef = AC55658C27E2346300279DC7 /* EaseInOut.swift */; };
		AC55658F27E2361C00279DC7 /* LinearControlView.swift in Sources */ = {isa = PBXBuildFile; fileRef = AC55658E27E2361C00279DC7 /* LinearControlView.swift */; };
		AC55659127E2367E00279DC7 /* EaseInControlView.swift in Sources */ = {isa = PBXBuildFile; fileRef = AC55659027E2367E00279DC7 /* EaseInControlView.swift */; };
		AC55659327E236B900279DC7 /* EaseOutControlView.swift in Sources */ = {isa = PBXBuildFile; fileRef = AC55659227E236B900279DC7 /* EaseOutControlView.swift */; };
		AC55659527E236EC00279DC7 /* EaseInOutControlView.swift in Sources */ = {isa = PBXBuildFile; fileRef = AC55659427E236EC00279DC7 /* EaseInOutControlView.swift */; };
		AC7BA47427DA59B700B65EC6 /* CirclesView.swift in Sources */ = {isa = PBXBuildFile; fileRef = AC7BA47327DA59B700B65EC6 /* CirclesView.swift */; };
		AC7BA47627DA5A4C00B65EC6 /* AnimationsViewModel.swift in Sources */ = {isa = PBXBuildFile; fileRef = AC7BA47527DA5A4C00B65EC6 /* AnimationsViewModel.swift */; };
		AC7BA47827DA5D2500B65EC6 /* InterpolatingSpringControlView.swift in Sources */ = {isa = PBXBuildFile; fileRef = AC7BA47727DA5D2500B65EC6 /* InterpolatingSpringControlView.swift */; };
		ACA1801B27DF5B3300133D54 /* InfoText.swift in Sources */ = {isa = PBXBuildFile; fileRef = ACA1801A27DF5B3300133D54 /* InfoText.swift */; };
		ACA1801D27DF620900133D54 /* SliderControlView.swift in Sources */ = {isa = PBXBuildFile; fileRef = ACA1801C27DF620900133D54 /* SliderControlView.swift */; };
		ACA1801F27DF820000133D54 /* ControlContainerView.swift in Sources */ = {isa = PBXBuildFile; fileRef = ACA1801E27DF820000133D54 /* ControlContainerView.swift */; };
		ACA1802427DF9EBC00133D54 /* InterpolatingSpring.swift in Sources */ = {isa = PBXBuildFile; fileRef = ACA1802327DF9EBC00133D54 /* InterpolatingSpring.swift */; };
		ACA1802627DF9ED100133D54 /* AnimationType.swift in Sources */ = {isa = PBXBuildFile; fileRef = ACA1802527DF9ED100133D54 /* AnimationType.swift */; };
		ACA1802C27DF9F6200133D54 /* Animation+Create.swift in Sources */ = {isa = PBXBuildFile; fileRef = ACA1802B27DF9F6200133D54 /* Animation+Create.swift */; };
		ACA1802F27DFA0F700133D54 /* InteractiveSpring.swift in Sources */ = {isa = PBXBuildFile; fileRef = ACA1802E27DFA0F700133D54 /* InteractiveSpring.swift */; };
		ACA1803127DFA1BF00133D54 /* InteractiveSpringControlView.swift in Sources */ = {isa = PBXBuildFile; fileRef = ACA1803027DFA1BF00133D54 /* InteractiveSpringControlView.swift */; };
		ACB77E3927EDC0A70005F9EE /* AnimationOptionView.swift in Sources */ = {isa = PBXBuildFile; fileRef = ACB77E3827EDC0A70005F9EE /* AnimationOptionView.swift */; };
		ACD067FA27DFE20B00BDEE44 /* Double+DecimalPlaces.swift in Sources */ = {isa = PBXBuildFile; fileRef = ACD067F927DFE20B00BDEE44 /* Double+DecimalPlaces.swift */; };
		ACFD222127EDCE3C005DE1CF /* MyAnimation.swift in Sources */ = {isa = PBXBuildFile; fileRef = ACFD222027EDCE3C005DE1CF /* MyAnimation.swift */; };
		ACFD222327EDCE77005DE1CF /* AnimationOptionType.swift in Sources */ = {isa = PBXBuildFile; fileRef = ACFD222227EDCE77005DE1CF /* AnimationOptionType.swift */; };
/* End PBXBuildFile section */

/* Begin PBXFileReference section */
		AC25E78D27E48455003AF1EE /* AnimationsContainerView.swift */ = {isa = PBXFileReference; lastKnownFileType = sourcecode.swift; path = AnimationsContainerView.swift; sourceTree = "<group>"; };
		AC25E78F27E484A1003AF1EE /* AnimationExample.swift */ = {isa = PBXFileReference; lastKnownFileType = sourcecode.swift; path = AnimationExample.swift; sourceTree = "<group>"; };
		AC25E79127E499F3003AF1EE /* AnimationsExampleViewModel.swift */ = {isa = PBXFileReference; lastKnownFileType = sourcecode.swift; path = AnimationsExampleViewModel.swift; sourceTree = "<group>"; };
		AC25E79327E49ADD003AF1EE /* AllAnimations.swift */ = {isa = PBXFileReference; lastKnownFileType = sourcecode.swift; path = AllAnimations.swift; sourceTree = "<group>"; };
		AC25E79727E4A44A003AF1EE /* ParameterDescriptionView.swift */ = {isa = PBXFileReference; lastKnownFileType = sourcecode.swift; path = ParameterDescriptionView.swift; sourceTree = "<group>"; };
		AC25E79927E4B9E4003AF1EE /* ChainsView.swift */ = {isa = PBXFileReference; lastKnownFileType = sourcecode.swift; path = ChainsView.swift; sourceTree = "<group>"; };
		AC25E79B27E4BD1C003AF1EE /* EmojisView.swift */ = {isa = PBXFileReference; lastKnownFileType = sourcecode.swift; path = EmojisView.swift; sourceTree = "<group>"; };
		AC2E6AD027D6756900AEE63E /* MacOSExperiments.app */ = {isa = PBXFileReference; explicitFileType = wrapper.application; includeInIndex = 0; path = MacOSExperiments.app; sourceTree = BUILT_PRODUCTS_DIR; };
		AC2E6AD327D6756900AEE63E /* MacOSExperimentsApp.swift */ = {isa = PBXFileReference; lastKnownFileType = sourcecode.swift; path = MacOSExperimentsApp.swift; sourceTree = "<group>"; };
		AC2E6AD527D6756900AEE63E /* ContentView.swift */ = {isa = PBXFileReference; lastKnownFileType = sourcecode.swift; path = ContentView.swift; sourceTree = "<group>"; };
		AC2E6AD727D6756A00AEE63E /* Assets.xcassets */ = {isa = PBXFileReference; lastKnownFileType = folder.assetcatalog; path = Assets.xcassets; sourceTree = "<group>"; };
		AC2E6ADA27D6756A00AEE63E /* Preview Assets.xcassets */ = {isa = PBXFileReference; lastKnownFileType = folder.assetcatalog; path = "Preview Assets.xcassets"; sourceTree = "<group>"; };
		AC2E6ADC27D6756A00AEE63E /* MacOSExperiments.entitlements */ = {isa = PBXFileReference; lastKnownFileType = text.plist.entitlements; path = MacOSExperiments.entitlements; sourceTree = "<group>"; };
		AC2E6AE227D6791C00AEE63E /* SidebarView.swift */ = {isa = PBXFileReference; lastKnownFileType = sourcecode.swift; path = SidebarView.swift; sourceTree = "<group>"; };
		AC43367827E886F900F57ABD /* GradientCircleView.swift */ = {isa = PBXFileReference; lastKnownFileType = sourcecode.swift; path = GradientCircleView.swift; sourceTree = "<group>"; };
		AC43367A27E88C1900F57ABD /* TimingCurveView.swift */ = {isa = PBXFileReference; lastKnownFileType = sourcecode.swift; path = TimingCurveView.swift; sourceTree = "<group>"; };
		AC43367C27E88C2700F57ABD /* TimingCurve.swift */ = {isa = PBXFileReference; lastKnownFileType = sourcecode.swift; path = TimingCurve.swift; sourceTree = "<group>"; };
		AC43368027E8A94D00F57ABD /* HeadlineView.swift */ = {isa = PBXFileReference; lastKnownFileType = sourcecode.swift; path = HeadlineView.swift; sourceTree = "<group>"; };
		AC43368227E8AA9600F57ABD /* TimingCurveControlView.swift */ = {isa = PBXFileReference; lastKnownFileType = sourcecode.swift; path = TimingCurveControlView.swift; sourceTree = "<group>"; };
		AC43368C27EC804E00F57ABD /* ClosedRange+toString.swift */ = {isa = PBXFileReference; lastKnownFileType = sourcecode.swift; path = "ClosedRange+toString.swift"; sourceTree = "<group>"; };
		AC43368E27ECA7D200F57ABD /* CodePreviewView.swift */ = {isa = PBXFileReference; lastKnownFileType = sourcecode.swift; path = CodePreviewView.swift; sourceTree = "<group>"; };
		AC43369027ECA9CD00F57ABD /* PreviewType.swift */ = {isa = PBXFileReference; lastKnownFileType = sourcecode.swift; path = PreviewType.swift; sourceTree = "<group>"; };
		AC43369427ECC97B00F57ABD /* AnimationOption.swift */ = {isa = PBXFileReference; lastKnownFileType = sourcecode.swift; path = AnimationOption.swift; sourceTree = "<group>"; };
		AC43369627ECF87600F57ABD /* CustomModifiers.swift */ = {isa = PBXFileReference; lastKnownFileType = sourcecode.swift; path = CustomModifiers.swift; sourceTree = "<group>"; };
		AC55658027E2264100279DC7 /* Spring.swift */ = {isa = PBXFileReference; lastKnownFileType = sourcecode.swift; path = Spring.swift; sourceTree = "<group>"; };
		AC55658227E2275500279DC7 /* SpringControlView.swift */ = {isa = PBXFileReference; lastKnownFileType = sourcecode.swift; path = SpringControlView.swift; sourceTree = "<group>"; };
		AC55658427E2327500279DC7 /* AnimationParameter.swift */ = {isa = PBXFileReference; lastKnownFileType = sourcecode.swift; path = AnimationParameter.swift; sourceTree = "<group>"; };
		AC55658627E2341A00279DC7 /* Linear.swift */ = {isa = PBXFileReference; lastKnownFileType = sourcecode.swift; path = Linear.swift; sourceTree = "<group>"; };
		AC55658827E2343700279DC7 /* EaseIn.swift */ = {isa = PBXFileReference; lastKnownFileType = sourcecode.swift; path = EaseIn.swift; sourceTree = "<group>"; };
		AC55658A27E2344D00279DC7 /* EaseOut.swift */ = {isa = PBXFileReference; lastKnownFileType = sourcecode.swift; path = EaseOut.swift; sourceTree = "<group>"; };
		AC55658C27E2346300279DC7 /* EaseInOut.swift */ = {isa = PBXFileReference; lastKnownFileType = sourcecode.swift; path = EaseInOut.swift; sourceTree = "<group>"; };
		AC55658E27E2361C00279DC7 /* LinearControlView.swift */ = {isa = PBXFileReference; lastKnownFileType = sourcecode.swift; path = LinearControlView.swift; sourceTree = "<group>"; };
		AC55659027E2367E00279DC7 /* EaseInControlView.swift */ = {isa = PBXFileReference; lastKnownFileType = sourcecode.swift; path = EaseInControlView.swift; sourceTree = "<group>"; };
		AC55659227E236B900279DC7 /* EaseOutControlView.swift */ = {isa = PBXFileReference; lastKnownFileType = sourcecode.swift; path = EaseOutControlView.swift; sourceTree = "<group>"; };
		AC55659427E236EC00279DC7 /* EaseInOutControlView.swift */ = {isa = PBXFileReference; lastKnownFileType = sourcecode.swift; path = EaseInOutControlView.swift; sourceTree = "<group>"; };
		AC7BA47327DA59B700B65EC6 /* CirclesView.swift */ = {isa = PBXFileReference; lastKnownFileType = sourcecode.swift; path = CirclesView.swift; sourceTree = "<group>"; };
		AC7BA47527DA5A4C00B65EC6 /* AnimationsViewModel.swift */ = {isa = PBXFileReference; lastKnownFileType = sourcecode.swift; path = AnimationsViewModel.swift; sourceTree = "<group>"; };
		AC7BA47727DA5D2500B65EC6 /* InterpolatingSpringControlView.swift */ = {isa = PBXFileReference; lastKnownFileType = sourcecode.swift; path = InterpolatingSpringControlView.swift; sourceTree = "<group>"; };
		ACA1801A27DF5B3300133D54 /* InfoText.swift */ = {isa = PBXFileReference; lastKnownFileType = sourcecode.swift; path = InfoText.swift; sourceTree = "<group>"; };
		ACA1801C27DF620900133D54 /* SliderControlView.swift */ = {isa = PBXFileReference; lastKnownFileType = sourcecode.swift; path = SliderControlView.swift; sourceTree = "<group>"; };
		ACA1801E27DF820000133D54 /* ControlContainerView.swift */ = {isa = PBXFileReference; lastKnownFileType = sourcecode.swift; path = ControlContainerView.swift; sourceTree = "<group>"; };
		ACA1802327DF9EBC00133D54 /* InterpolatingSpring.swift */ = {isa = PBXFileReference; lastKnownFileType = sourcecode.swift; path = InterpolatingSpring.swift; sourceTree = "<group>"; };
		ACA1802527DF9ED100133D54 /* AnimationType.swift */ = {isa = PBXFileReference; lastKnownFileType = sourcecode.swift; path = AnimationType.swift; sourceTree = "<group>"; };
		ACA1802B27DF9F6200133D54 /* Animation+Create.swift */ = {isa = PBXFileReference; lastKnownFileType = sourcecode.swift; path = "Animation+Create.swift"; sourceTree = "<group>"; };
		ACA1802E27DFA0F700133D54 /* InteractiveSpring.swift */ = {isa = PBXFileReference; lastKnownFileType = sourcecode.swift; path = InteractiveSpring.swift; sourceTree = "<group>"; };
		ACA1803027DFA1BF00133D54 /* InteractiveSpringControlView.swift */ = {isa = PBXFileReference; lastKnownFileType = sourcecode.swift; path = InteractiveSpringControlView.swift; sourceTree = "<group>"; };
		ACB77E3827EDC0A70005F9EE /* AnimationOptionView.swift */ = {isa = PBXFileReference; lastKnownFileType = sourcecode.swift; path = AnimationOptionView.swift; sourceTree = "<group>"; };
		ACD067F927DFE20B00BDEE44 /* Double+DecimalPlaces.swift */ = {isa = PBXFileReference; lastKnownFileType = sourcecode.swift; path = "Double+DecimalPlaces.swift"; sourceTree = "<group>"; };
		ACFD222027EDCE3C005DE1CF /* MyAnimation.swift */ = {isa = PBXFileReference; lastKnownFileType = sourcecode.swift; path = MyAnimation.swift; sourceTree = "<group>"; };
		ACFD222227EDCE77005DE1CF /* AnimationOptionType.swift */ = {isa = PBXFileReference; lastKnownFileType = sourcecode.swift; path = AnimationOptionType.swift; sourceTree = "<group>"; };
/* End PBXFileReference section */

/* Begin PBXFrameworksBuildPhase section */
		AC2E6ACD27D6756900AEE63E /* Frameworks */ = {
			isa = PBXFrameworksBuildPhase;
			buildActionMask = 2147483647;
			files = (
			);
			runOnlyForDeploymentPostprocessing = 0;
		};
/* End PBXFrameworksBuildPhase section */

/* Begin PBXGroup section */
		AC25E78C27E48353003AF1EE /* AnimationViews */ = {
			isa = PBXGroup;
			children = (
				AC7BA47327DA59B700B65EC6 /* CirclesView.swift */,
				AC25E78D27E48455003AF1EE /* AnimationsContainerView.swift */,
				AC25E79927E4B9E4003AF1EE /* ChainsView.swift */,
				AC25E79B27E4BD1C003AF1EE /* EmojisView.swift */,
				AC43367827E886F900F57ABD /* GradientCircleView.swift */,
				AC43368E27ECA7D200F57ABD /* CodePreviewView.swift */,
			);
			path = AnimationViews;
			sourceTree = "<group>";
		};
		AC2E6AC727D6756900AEE63E = {
			isa = PBXGroup;
			children = (
				AC2E6AD227D6756900AEE63E /* MacOSExperiments */,
				AC2E6AD127D6756900AEE63E /* Products */,
			);
			sourceTree = "<group>";
		};
		AC2E6AD127D6756900AEE63E /* Products */ = {
			isa = PBXGroup;
			children = (
				AC2E6AD027D6756900AEE63E /* MacOSExperiments.app */,
			);
			name = Products;
			sourceTree = "<group>";
		};
		AC2E6AD227D6756900AEE63E /* MacOSExperiments */ = {
			isa = PBXGroup;
			children = (
				ACA1802027DF9E9800133D54 /* Model */,
				ACA1802127DF9E9D00133D54 /* View */,
				ACA1802227DF9EA400133D54 /* ViewModel */,
				AC2E6AD327D6756900AEE63E /* MacOSExperimentsApp.swift */,
				AC2E6AD727D6756A00AEE63E /* Assets.xcassets */,
				AC2E6ADC27D6756A00AEE63E /* MacOSExperiments.entitlements */,
				AC2E6AD927D6756A00AEE63E /* Preview Content */,
			);
			path = MacOSExperiments;
			sourceTree = "<group>";
		};
		AC2E6AD927D6756A00AEE63E /* Preview Content */ = {
			isa = PBXGroup;
			children = (
				AC2E6ADA27D6756A00AEE63E /* Preview Assets.xcassets */,
			);
			path = "Preview Content";
			sourceTree = "<group>";
		};
		ACA1802027DF9E9800133D54 /* Model */ = {
			isa = PBXGroup;
			children = (
				ACA1802D27DFA0CD00133D54 /* Animations */,
				ACA1802A27DF9F5100133D54 /* Extensions */,
				ACA1802527DF9ED100133D54 /* AnimationType.swift */,
				AC55658427E2327500279DC7 /* AnimationParameter.swift */,
				AC25E78F27E484A1003AF1EE /* AnimationExample.swift */,
				AC43369027ECA9CD00F57ABD /* PreviewType.swift */,
				AC43369427ECC97B00F57ABD /* AnimationOption.swift */,
				ACFD222027EDCE3C005DE1CF /* MyAnimation.swift */,
				ACFD222227EDCE77005DE1CF /* AnimationOptionType.swift */,
			);
			path = Model;
			sourceTree = "<group>";
		};
		ACA1802127DF9E9D00133D54 /* View */ = {
			isa = PBXGroup;
			children = (
				AC25E78C27E48353003AF1EE /* AnimationViews */,
				ACA1802927DF9F2100133D54 /* MenuViews */,
				ACA1802827DF9F0D00133D54 /* ControlViews */,
				ACA1802727DF9EEF00133D54 /* Helpers */,
			);
			path = View;
			sourceTree = "<group>";
		};
		ACA1802227DF9EA400133D54 /* ViewModel */ = {
			isa = PBXGroup;
			children = (
				AC7BA47527DA5A4C00B65EC6 /* AnimationsViewModel.swift */,
				AC25E79127E499F3003AF1EE /* AnimationsExampleViewModel.swift */,
			);
			path = ViewModel;
			sourceTree = "<group>";
		};
		ACA1802727DF9EEF00133D54 /* Helpers */ = {
			isa = PBXGroup;
			children = (
				AC43368027E8A94D00F57ABD /* HeadlineView.swift */,
				ACA1801A27DF5B3300133D54 /* InfoText.swift */,
				AC25E79727E4A44A003AF1EE /* ParameterDescriptionView.swift */,
				ACA1801C27DF620900133D54 /* SliderControlView.swift */,
				AC43367A27E88C1900F57ABD /* TimingCurveView.swift */,
				AC43369627ECF87600F57ABD /* CustomModifiers.swift */,
			);
			path = Helpers;
			sourceTree = "<group>";
		};
		ACA1802827DF9F0D00133D54 /* ControlViews */ = {
			isa = PBXGroup;
			children = (
				ACA1801E27DF820000133D54 /* ControlContainerView.swift */,
				AC7BA47727DA5D2500B65EC6 /* InterpolatingSpringControlView.swift */,
				ACA1803027DFA1BF00133D54 /* InteractiveSpringControlView.swift */,
				AC55658227E2275500279DC7 /* SpringControlView.swift */,
				AC55658E27E2361C00279DC7 /* LinearControlView.swift */,
				AC55659027E2367E00279DC7 /* EaseInControlView.swift */,
				AC55659227E236B900279DC7 /* EaseOutControlView.swift */,
				AC55659427E236EC00279DC7 /* EaseInOutControlView.swift */,
				AC43368227E8AA9600F57ABD /* TimingCurveControlView.swift */,
				ACB77E3827EDC0A70005F9EE /* AnimationOptionView.swift */,
			);
			path = ControlViews;
			sourceTree = "<group>";
		};
		ACA1802927DF9F2100133D54 /* MenuViews */ = {
			isa = PBXGroup;
			children = (
				AC2E6AD527D6756900AEE63E /* ContentView.swift */,
				AC2E6AE227D6791C00AEE63E /* SidebarView.swift */,
			);
			path = MenuViews;
			sourceTree = "<group>";
		};
		ACA1802A27DF9F5100133D54 /* Extensions */ = {
			isa = PBXGroup;
			children = (
				ACA1802B27DF9F6200133D54 /* Animation+Create.swift */,
				ACD067F927DFE20B00BDEE44 /* Double+DecimalPlaces.swift */,
				AC43368C27EC804E00F57ABD /* ClosedRange+toString.swift */,
			);
			path = Extensions;
			sourceTree = "<group>";
		};
		ACA1802D27DFA0CD00133D54 /* Animations */ = {
			isa = PBXGroup;
			children = (
				ACA1802327DF9EBC00133D54 /* InterpolatingSpring.swift */,
				ACA1802E27DFA0F700133D54 /* InteractiveSpring.swift */,
				AC55658027E2264100279DC7 /* Spring.swift */,
				AC55658627E2341A00279DC7 /* Linear.swift */,
				AC55658827E2343700279DC7 /* EaseIn.swift */,
				AC55658A27E2344D00279DC7 /* EaseOut.swift */,
				AC55658C27E2346300279DC7 /* EaseInOut.swift */,
				AC43367C27E88C2700F57ABD /* TimingCurve.swift */,
				AC25E79327E49ADD003AF1EE /* AllAnimations.swift */,
			);
			path = Animations;
			sourceTree = "<group>";
		};
/* End PBXGroup section */

/* Begin PBXNativeTarget section */
		AC2E6ACF27D6756900AEE63E /* MacOSExperiments */ = {
			isa = PBXNativeTarget;
			buildConfigurationList = AC2E6ADF27D6756A00AEE63E /* Build configuration list for PBXNativeTarget "MacOSExperiments" */;
			buildPhases = (
				AC2E6ACC27D6756900AEE63E /* Sources */,
				AC2E6ACD27D6756900AEE63E /* Frameworks */,
				AC2E6ACE27D6756900AEE63E /* Resources */,
			);
			buildRules = (
			);
			dependencies = (
			);
			name = MacOSExperiments;
			productName = MacOSExperiments;
			productReference = AC2E6AD027D6756900AEE63E /* MacOSExperiments.app */;
			productType = "com.apple.product-type.application";
		};
/* End PBXNativeTarget section */

/* Begin PBXProject section */
		AC2E6AC827D6756900AEE63E /* Project object */ = {
			isa = PBXProject;
			attributes = {
				BuildIndependentTargetsInParallel = 1;
				LastSwiftUpdateCheck = 1320;
				LastUpgradeCheck = 1330;
				TargetAttributes = {
					AC2E6ACF27D6756900AEE63E = {
						CreatedOnToolsVersion = 13.2;
					};
				};
			};
			buildConfigurationList = AC2E6ACB27D6756900AEE63E /* Build configuration list for PBXProject "MacOSExperiments" */;
			compatibilityVersion = "Xcode 13.0";
			developmentRegion = en;
			hasScannedForEncodings = 0;
			knownRegions = (
				en,
				Base,
			);
			mainGroup = AC2E6AC727D6756900AEE63E;
			productRefGroup = AC2E6AD127D6756900AEE63E /* Products */;
			projectDirPath = "";
			projectRoot = "";
			targets = (
				AC2E6ACF27D6756900AEE63E /* MacOSExperiments */,
			);
		};
/* End PBXProject section */

/* Begin PBXResourcesBuildPhase section */
		AC2E6ACE27D6756900AEE63E /* Resources */ = {
			isa = PBXResourcesBuildPhase;
			buildActionMask = 2147483647;
			files = (
				AC2E6ADB27D6756A00AEE63E /* Preview Assets.xcassets in Resources */,
				AC2E6AD827D6756A00AEE63E /* Assets.xcassets in Resources */,
			);
			runOnlyForDeploymentPostprocessing = 0;
		};
/* End PBXResourcesBuildPhase section */

/* Begin PBXSourcesBuildPhase section */
		AC2E6ACC27D6756900AEE63E /* Sources */ = {
			isa = PBXSourcesBuildPhase;
			buildActionMask = 2147483647;
			files = (
				ACB77E3927EDC0A70005F9EE /* AnimationOptionView.swift in Sources */,
				ACA1803127DFA1BF00133D54 /* InteractiveSpringControlView.swift in Sources */,
				AC55659327E236B900279DC7 /* EaseOutControlView.swift in Sources */,
				AC7BA47427DA59B700B65EC6 /* CirclesView.swift in Sources */,
				ACA1802F27DFA0F700133D54 /* InteractiveSpring.swift in Sources */,
				AC43369727ECF87600F57ABD /* CustomModifiers.swift in Sources */,
				ACA1801D27DF620900133D54 /* SliderControlView.swift in Sources */,
				ACFD222327EDCE77005DE1CF /* AnimationOptionType.swift in Sources */,
				AC43368D27EC804E00F57ABD /* ClosedRange+toString.swift in Sources */,
				AC25E79227E499F3003AF1EE /* AnimationsExampleViewModel.swift in Sources */,
				AC7BA47627DA5A4C00B65EC6 /* AnimationsViewModel.swift in Sources */,
				AC55659527E236EC00279DC7 /* EaseInOutControlView.swift in Sources */,
				AC25E79427E49ADD003AF1EE /* AllAnimations.swift in Sources */,
				AC43368127E8A94D00F57ABD /* HeadlineView.swift in Sources */,
				AC25E79C27E4BD1C003AF1EE /* EmojisView.swift in Sources */,
				ACA1802627DF9ED100133D54 /* AnimationType.swift in Sources */,
				AC55658727E2341A00279DC7 /* Linear.swift in Sources */,
				AC55658D27E2346300279DC7 /* EaseInOut.swift in Sources */,
				AC43368327E8AA9600F57ABD /* TimingCurveControlView.swift in Sources */,
				AC55658527E2327500279DC7 /* AnimationParameter.swift in Sources */,
				AC43367B27E88C1900F57ABD /* TimingCurveView.swift in Sources */,
				AC55658927E2343700279DC7 /* EaseIn.swift in Sources */,
				AC7BA47827DA5D2500B65EC6 /* InterpolatingSpringControlView.swift in Sources */,
				ACD067FA27DFE20B00BDEE44 /* Double+DecimalPlaces.swift in Sources */,
				ACA1801F27DF820000133D54 /* ControlContainerView.swift in Sources */,
				AC43369527ECC97B00F57ABD /* AnimationOption.swift in Sources */,
				ACA1802427DF9EBC00133D54 /* InterpolatingSpring.swift in Sources */,
				AC55658127E2264100279DC7 /* Spring.swift in Sources */,
				AC43368F27ECA7D200F57ABD /* CodePreviewView.swift in Sources */,
				AC25E79027E484A1003AF1EE /* AnimationExample.swift in Sources */,
				ACFD222127EDCE3C005DE1CF /* MyAnimation.swift in Sources */,
				AC55658B27E2344D00279DC7 /* EaseOut.swift in Sources */,
				ACA1801B27DF5B3300133D54 /* InfoText.swift in Sources */,
				ACA1802C27DF9F6200133D54 /* Animation+Create.swift in Sources */,
				AC2E6AD627D6756900AEE63E /* ContentView.swift in Sources */,
				AC55659127E2367E00279DC7 /* EaseInControlView.swift in Sources */,
				AC2E6AD427D6756900AEE63E /* MacOSExperimentsApp.swift in Sources */,
				AC25E78E27E48455003AF1EE /* AnimationsContainerView.swift in Sources */,
				AC43367927E886F900F57ABD /* GradientCircleView.swift in Sources */,
				AC2E6AE327D6791C00AEE63E /* SidebarView.swift in Sources */,
				AC25E79A27E4B9E4003AF1EE /* ChainsView.swift in Sources */,
				AC55658F27E2361C00279DC7 /* LinearControlView.swift in Sources */,
				AC43369127ECA9CD00F57ABD /* PreviewType.swift in Sources */,
				AC43367D27E88C2700F57ABD /* TimingCurve.swift in Sources */,
				AC25E79827E4A44A003AF1EE /* ParameterDescriptionView.swift in Sources */,
				AC55658327E2275500279DC7 /* SpringControlView.swift in Sources */,
			);
			runOnlyForDeploymentPostprocessing = 0;
		};
/* End PBXSourcesBuildPhase section */

/* Begin XCBuildConfiguration section */
		AC2E6ADD27D6756A00AEE63E /* Debug */ = {
			isa = XCBuildConfiguration;
			buildSettings = {
				ALWAYS_SEARCH_USER_PATHS = NO;
				CLANG_ANALYZER_NONNULL = YES;
				CLANG_ANALYZER_NUMBER_OBJECT_CONVERSION = YES_AGGRESSIVE;
				CLANG_CXX_LANGUAGE_STANDARD = "gnu++17";
				CLANG_CXX_LIBRARY = "libc++";
				CLANG_ENABLE_MODULES = YES;
				CLANG_ENABLE_OBJC_ARC = YES;
				CLANG_ENABLE_OBJC_WEAK = YES;
				CLANG_WARN_BLOCK_CAPTURE_AUTORELEASING = YES;
				CLANG_WARN_BOOL_CONVERSION = YES;
				CLANG_WARN_COMMA = YES;
				CLANG_WARN_CONSTANT_CONVERSION = YES;
				CLANG_WARN_DEPRECATED_OBJC_IMPLEMENTATIONS = YES;
				CLANG_WARN_DIRECT_OBJC_ISA_USAGE = YES_ERROR;
				CLANG_WARN_DOCUMENTATION_COMMENTS = YES;
				CLANG_WARN_EMPTY_BODY = YES;
				CLANG_WARN_ENUM_CONVERSION = YES;
				CLANG_WARN_INFINITE_RECURSION = YES;
				CLANG_WARN_INT_CONVERSION = YES;
				CLANG_WARN_NON_LITERAL_NULL_CONVERSION = YES;
				CLANG_WARN_OBJC_IMPLICIT_RETAIN_SELF = YES;
				CLANG_WARN_OBJC_LITERAL_CONVERSION = YES;
				CLANG_WARN_OBJC_ROOT_CLASS = YES_ERROR;
				CLANG_WARN_QUOTED_INCLUDE_IN_FRAMEWORK_HEADER = YES;
				CLANG_WARN_RANGE_LOOP_ANALYSIS = YES;
				CLANG_WARN_STRICT_PROTOTYPES = YES;
				CLANG_WARN_SUSPICIOUS_MOVE = YES;
				CLANG_WARN_UNGUARDED_AVAILABILITY = YES_AGGRESSIVE;
				CLANG_WARN_UNREACHABLE_CODE = YES;
				CLANG_WARN__DUPLICATE_METHOD_MATCH = YES;
				COPY_PHASE_STRIP = NO;
				DEBUG_INFORMATION_FORMAT = dwarf;
				ENABLE_STRICT_OBJC_MSGSEND = YES;
				ENABLE_TESTABILITY = YES;
				GCC_C_LANGUAGE_STANDARD = gnu11;
				GCC_DYNAMIC_NO_PIC = NO;
				GCC_NO_COMMON_BLOCKS = YES;
				GCC_OPTIMIZATION_LEVEL = 0;
				GCC_PREPROCESSOR_DEFINITIONS = (
					"DEBUG=1",
					"$(inherited)",
				);
				GCC_WARN_64_TO_32_BIT_CONVERSION = YES;
				GCC_WARN_ABOUT_RETURN_TYPE = YES_ERROR;
				GCC_WARN_UNDECLARED_SELECTOR = YES;
				GCC_WARN_UNINITIALIZED_AUTOS = YES_AGGRESSIVE;
				GCC_WARN_UNUSED_FUNCTION = YES;
				GCC_WARN_UNUSED_VARIABLE = YES;
				MACOSX_DEPLOYMENT_TARGET = 12.1;
				MTL_ENABLE_DEBUG_INFO = INCLUDE_SOURCE;
				MTL_FAST_MATH = YES;
				ONLY_ACTIVE_ARCH = YES;
				SDKROOT = macosx;
				SWIFT_ACTIVE_COMPILATION_CONDITIONS = DEBUG;
				SWIFT_OPTIMIZATION_LEVEL = "-Onone";
			};
			name = Debug;
		};
		AC2E6ADE27D6756A00AEE63E /* Release */ = {
			isa = XCBuildConfiguration;
			buildSettings = {
				ALWAYS_SEARCH_USER_PATHS = NO;
				CLANG_ANALYZER_NONNULL = YES;
				CLANG_ANALYZER_NUMBER_OBJECT_CONVERSION = YES_AGGRESSIVE;
				CLANG_CXX_LANGUAGE_STANDARD = "gnu++17";
				CLANG_CXX_LIBRARY = "libc++";
				CLANG_ENABLE_MODULES = YES;
				CLANG_ENABLE_OBJC_ARC = YES;
				CLANG_ENABLE_OBJC_WEAK = YES;
				CLANG_WARN_BLOCK_CAPTURE_AUTORELEASING = YES;
				CLANG_WARN_BOOL_CONVERSION = YES;
				CLANG_WARN_COMMA = YES;
				CLANG_WARN_CONSTANT_CONVERSION = YES;
				CLANG_WARN_DEPRECATED_OBJC_IMPLEMENTATIONS = YES;
				CLANG_WARN_DIRECT_OBJC_ISA_USAGE = YES_ERROR;
				CLANG_WARN_DOCUMENTATION_COMMENTS = YES;
				CLANG_WARN_EMPTY_BODY = YES;
				CLANG_WARN_ENUM_CONVERSION = YES;
				CLANG_WARN_INFINITE_RECURSION = YES;
				CLANG_WARN_INT_CONVERSION = YES;
				CLANG_WARN_NON_LITERAL_NULL_CONVERSION = YES;
				CLANG_WARN_OBJC_IMPLICIT_RETAIN_SELF = YES;
				CLANG_WARN_OBJC_LITERAL_CONVERSION = YES;
				CLANG_WARN_OBJC_ROOT_CLASS = YES_ERROR;
				CLANG_WARN_QUOTED_INCLUDE_IN_FRAMEWORK_HEADER = YES;
				CLANG_WARN_RANGE_LOOP_ANALYSIS = YES;
				CLANG_WARN_STRICT_PROTOTYPES = YES;
				CLANG_WARN_SUSPICIOUS_MOVE = YES;
				CLANG_WARN_UNGUARDED_AVAILABILITY = YES_AGGRESSIVE;
				CLANG_WARN_UNREACHABLE_CODE = YES;
				CLANG_WARN__DUPLICATE_METHOD_MATCH = YES;
				COPY_PHASE_STRIP = NO;
				DEBUG_INFORMATION_FORMAT = "dwarf-with-dsym";
				ENABLE_NS_ASSERTIONS = NO;
				ENABLE_STRICT_OBJC_MSGSEND = YES;
				GCC_C_LANGUAGE_STANDARD = gnu11;
				GCC_NO_COMMON_BLOCKS = YES;
				GCC_WARN_64_TO_32_BIT_CONVERSION = YES;
				GCC_WARN_ABOUT_RETURN_TYPE = YES_ERROR;
				GCC_WARN_UNDECLARED_SELECTOR = YES;
				GCC_WARN_UNINITIALIZED_AUTOS = YES_AGGRESSIVE;
				GCC_WARN_UNUSED_FUNCTION = YES;
				GCC_WARN_UNUSED_VARIABLE = YES;
				MACOSX_DEPLOYMENT_TARGET = 12.1;
				MTL_ENABLE_DEBUG_INFO = NO;
				MTL_FAST_MATH = YES;
				SDKROOT = macosx;
				SWIFT_COMPILATION_MODE = wholemodule;
				SWIFT_OPTIMIZATION_LEVEL = "-O";
			};
			name = Release;
		};
		AC2E6AE027D6756A00AEE63E /* Debug */ = {
			isa = XCBuildConfiguration;
			buildSettings = {
				ASSETCATALOG_COMPILER_APPICON_NAME = AppIcon;
				ASSETCATALOG_COMPILER_GLOBAL_ACCENT_COLOR_NAME = AccentColor;
				CODE_SIGN_ENTITLEMENTS = MacOSExperiments/MacOSExperiments.entitlements;
				CODE_SIGN_IDENTITY = "-";
				CODE_SIGN_STYLE = Automatic;
				COMBINE_HIDPI_IMAGES = YES;
				CURRENT_PROJECT_VERSION = 1;
				DEVELOPMENT_ASSET_PATHS = "\"MacOSExperiments/Preview Content\"";
				DEVELOPMENT_TEAM = 76R46WBD5H;
				ENABLE_HARDENED_RUNTIME = YES;
				ENABLE_PREVIEWS = YES;
				GENERATE_INFOPLIST_FILE = YES;
				INFOPLIST_KEY_NSHumanReadableCopyright = "";
				LD_RUNPATH_SEARCH_PATHS = (
					"$(inherited)",
					"@executable_path/../Frameworks",
				);
				MACOSX_DEPLOYMENT_TARGET = 12.0;
				MARKETING_VERSION = 1.0;
				PRODUCT_BUNDLE_IDENTIFIER = com.stefanblos.MacOSExperiments;
				PRODUCT_NAME = "$(TARGET_NAME)";
				SWIFT_EMIT_LOC_STRINGS = YES;
				SWIFT_VERSION = 5.0;
			};
			name = Debug;
		};
		AC2E6AE127D6756A00AEE63E /* Release */ = {
			isa = XCBuildConfiguration;
			buildSettings = {
				ASSETCATALOG_COMPILER_APPICON_NAME = AppIcon;
				ASSETCATALOG_COMPILER_GLOBAL_ACCENT_COLOR_NAME = AccentColor;
				CODE_SIGN_ENTITLEMENTS = MacOSExperiments/MacOSExperiments.entitlements;
				CODE_SIGN_IDENTITY = "-";
				CODE_SIGN_STYLE = Automatic;
				COMBINE_HIDPI_IMAGES = YES;
				CURRENT_PROJECT_VERSION = 1;
				DEVELOPMENT_ASSET_PATHS = "\"MacOSExperiments/Preview Content\"";
				DEVELOPMENT_TEAM = 76R46WBD5H;
				ENABLE_HARDENED_RUNTIME = YES;
				ENABLE_PREVIEWS = YES;
				GENERATE_INFOPLIST_FILE = YES;
				INFOPLIST_KEY_NSHumanReadableCopyright = "";
				LD_RUNPATH_SEARCH_PATHS = (
					"$(inherited)",
					"@executable_path/../Frameworks",
				);
				MACOSX_DEPLOYMENT_TARGET = 12.0;
				MARKETING_VERSION = 1.0;
				PRODUCT_BUNDLE_IDENTIFIER = com.stefanblos.MacOSExperiments;
				PRODUCT_NAME = "$(TARGET_NAME)";
				SWIFT_EMIT_LOC_STRINGS = YES;
				SWIFT_VERSION = 5.0;
			};
			name = Release;
		};
/* End XCBuildConfiguration section */

/* Begin XCConfigurationList section */
		AC2E6ACB27D6756900AEE63E /* Build configuration list for PBXProject "MacOSExperiments" */ = {
			isa = XCConfigurationList;
			buildConfigurations = (
				AC2E6ADD27D6756A00AEE63E /* Debug */,
				AC2E6ADE27D6756A00AEE63E /* Release */,
			);
			defaultConfigurationIsVisible = 0;
			defaultConfigurationName = Release;
		};
		AC2E6ADF27D6756A00AEE63E /* Build configuration list for PBXNativeTarget "MacOSExperiments" */ = {
			isa = XCConfigurationList;
			buildConfigurations = (
				AC2E6AE027D6756A00AEE63E /* Debug */,
				AC2E6AE127D6756A00AEE63E /* Release */,
			);
			defaultConfigurationIsVisible = 0;
			defaultConfigurationName = Release;
		};
/* End XCConfigurationList section */
	};
	rootObject = AC2E6AC827D6756900AEE63E /* Project object */;
}
